// !$*UTF8*$!
{
	archiveVersion = 1;
	classes = {
	};
	objectVersion = 46;
	objects = {

/* Begin PBXBuildFile section */
		9F02AE7EDD915B88D8EDC784 /* Pods_JiChat.framework in Frameworks */ = {isa = PBXBuildFile; fileRef = E8326599D56E39F736852401 /* Pods_JiChat.framework */; };
		E33D53EF1F4BDD43000FAB8E /* ContactsViewController.swift in Sources */ = {isa = PBXBuildFile; fileRef = E33D53EE1F4BDD43000FAB8E /* ContactsViewController.swift */; };
		E33D53F81F4BE7EC000FAB8E /* User.swift in Sources */ = {isa = PBXBuildFile; fileRef = E33D53F71F4BE7EC000FAB8E /* User.swift */; };
		E33D53FA1F4BEB5B000FAB8E /* UserCell.swift in Sources */ = {isa = PBXBuildFile; fileRef = E33D53F91F4BEB5B000FAB8E /* UserCell.swift */; };
		E342D8CC1F4D25FE00EE36A5 /* LoginVCFunctions.swift in Sources */ = {isa = PBXBuildFile; fileRef = E342D8CB1F4D25FE00EE36A5 /* LoginVCFunctions.swift */; };
		E36EF56E1F52760C00FDF9D3 /* ChatCollectionViewCell.swift in Sources */ = {isa = PBXBuildFile; fileRef = E36EF56D1F52760C00FDF9D3 /* ChatCollectionViewCell.swift */; };
		E387461D1F4B6A670027C027 /* GoogleService-Info.plist in Resources */ = {isa = PBXBuildFile; fileRef = E387461C1F4B6A670027C027 /* GoogleService-Info.plist */; };
		E391A09B1F4F68FF0054255A /* Message.swift in Sources */ = {isa = PBXBuildFile; fileRef = E391A09A1F4F68FF0054255A /* Message.swift */; };
		E39234121F4B422000525756 /* AppDelegate.swift in Sources */ = {isa = PBXBuildFile; fileRef = E39234111F4B422000525756 /* AppDelegate.swift */; };
		E39234141F4B422000525756 /* HomeViewController.swift in Sources */ = {isa = PBXBuildFile; fileRef = E39234131F4B422000525756 /* HomeViewController.swift */; };
		E392341A1F4B422000525756 /* JiChat.xcdatamodeld in Sources */ = {isa = PBXBuildFile; fileRef = E39234181F4B422000525756 /* JiChat.xcdatamodeld */; };
		E392341C1F4B422000525756 /* Assets.xcassets in Resources */ = {isa = PBXBuildFile; fileRef = E392341B1F4B422000525756 /* Assets.xcassets */; };
		E392341F1F4B422000525756 /* LaunchScreen.storyboard in Resources */ = {isa = PBXBuildFile; fileRef = E392341D1F4B422000525756 /* LaunchScreen.storyboard */; };
		E39234271F4B597700525756 /* LoginViewController.swift in Sources */ = {isa = PBXBuildFile; fileRef = E39234261F4B597700525756 /* LoginViewController.swift */; };
		E39234291F4B59EF00525756 /* Extensions.swift in Sources */ = {isa = PBXBuildFile; fileRef = E39234281F4B59EF00525756 /* Extensions.swift */; };
		E392342B1F4B67D200525756 /* Gradient.swift in Sources */ = {isa = PBXBuildFile; fileRef = E392342A1F4B67D200525756 /* Gradient.swift */; };
		E3FE2D4D1F4F2DBD00F53F0A /* ChatViewController.swift in Sources */ = {isa = PBXBuildFile; fileRef = E3FE2D4C1F4F2DBD00F53F0A /* ChatViewController.swift */; };
/* End PBXBuildFile section */

/* Begin PBXFileReference section */
		7DB765B131B9496A0DA19CF8 /* Pods-JiChat.release.xcconfig */ = {isa = PBXFileReference; includeInIndex = 1; lastKnownFileType = text.xcconfig; name = "Pods-JiChat.release.xcconfig"; path = "Pods/Target Support Files/Pods-JiChat/Pods-JiChat.release.xcconfig"; sourceTree = "<group>"; };
		841206C664D3237EFF2A4F8D /* Pods-JiChat.debug.xcconfig */ = {isa = PBXFileReference; includeInIndex = 1; lastKnownFileType = text.xcconfig; name = "Pods-JiChat.debug.xcconfig"; path = "Pods/Target Support Files/Pods-JiChat/Pods-JiChat.debug.xcconfig"; sourceTree = "<group>"; };
		E33D53EE1F4BDD43000FAB8E /* ContactsViewController.swift */ = {isa = PBXFileReference; fileEncoding = 4; lastKnownFileType = sourcecode.swift; path = ContactsViewController.swift; sourceTree = "<group>"; };
		E33D53F71F4BE7EC000FAB8E /* User.swift */ = {isa = PBXFileReference; fileEncoding = 4; lastKnownFileType = sourcecode.swift; path = User.swift; sourceTree = "<group>"; };
		E33D53F91F4BEB5B000FAB8E /* UserCell.swift */ = {isa = PBXFileReference; fileEncoding = 4; lastKnownFileType = sourcecode.swift; path = UserCell.swift; sourceTree = "<group>"; };
		E342D8CB1F4D25FE00EE36A5 /* LoginVCFunctions.swift */ = {isa = PBXFileReference; fileEncoding = 4; lastKnownFileType = sourcecode.swift; path = LoginVCFunctions.swift; sourceTree = "<group>"; };
		E36EF56D1F52760C00FDF9D3 /* ChatCollectionViewCell.swift */ = {isa = PBXFileReference; fileEncoding = 4; lastKnownFileType = sourcecode.swift; path = ChatCollectionViewCell.swift; sourceTree = "<group>"; };
		E387461C1F4B6A670027C027 /* GoogleService-Info.plist */ = {isa = PBXFileReference; fileEncoding = 4; lastKnownFileType = text.plist.xml; path = "GoogleService-Info.plist"; sourceTree = "<group>"; };
		E391A09A1F4F68FF0054255A /* Message.swift */ = {isa = PBXFileReference; fileEncoding = 4; lastKnownFileType = sourcecode.swift; path = Message.swift; sourceTree = "<group>"; };
		E392340E1F4B422000525756 /* JiChat.app */ = {isa = PBXFileReference; explicitFileType = wrapper.application; includeInIndex = 0; path = JiChat.app; sourceTree = BUILT_PRODUCTS_DIR; };
		E39234111F4B422000525756 /* AppDelegate.swift */ = {isa = PBXFileReference; lastKnownFileType = sourcecode.swift; path = AppDelegate.swift; sourceTree = "<group>"; };
		E39234131F4B422000525756 /* HomeViewController.swift */ = {isa = PBXFileReference; lastKnownFileType = sourcecode.swift; path = HomeViewController.swift; sourceTree = "<group>"; };
		E39234191F4B422000525756 /* JiChat.xcdatamodel */ = {isa = PBXFileReference; lastKnownFileType = wrapper.xcdatamodel; path = JiChat.xcdatamodel; sourceTree = "<group>"; };
		E392341B1F4B422000525756 /* Assets.xcassets */ = {isa = PBXFileReference; lastKnownFileType = folder.assetcatalog; path = Assets.xcassets; sourceTree = "<group>"; };
		E392341E1F4B422000525756 /* Base */ = {isa = PBXFileReference; lastKnownFileType = file.storyboard; name = Base; path = Base.lproj/LaunchScreen.storyboard; sourceTree = "<group>"; };
		E39234201F4B422000525756 /* Info.plist */ = {isa = PBXFileReference; lastKnownFileType = text.plist.xml; path = Info.plist; sourceTree = "<group>"; };
		E39234261F4B597700525756 /* LoginViewController.swift */ = {isa = PBXFileReference; fileEncoding = 4; lastKnownFileType = sourcecode.swift; path = LoginViewController.swift; sourceTree = "<group>"; };
		E39234281F4B59EF00525756 /* Extensions.swift */ = {isa = PBXFileReference; fileEncoding = 4; lastKnownFileType = sourcecode.swift; path = Extensions.swift; sourceTree = "<group>"; };
		E392342A1F4B67D200525756 /* Gradient.swift */ = {isa = PBXFileReference; fileEncoding = 4; lastKnownFileType = sourcecode.swift; path = Gradient.swift; sourceTree = "<group>"; };
		E3FE2D4C1F4F2DBD00F53F0A /* ChatViewController.swift */ = {isa = PBXFileReference; fileEncoding = 4; lastKnownFileType = sourcecode.swift; path = ChatViewController.swift; sourceTree = "<group>"; };
		E8326599D56E39F736852401 /* Pods_JiChat.framework */ = {isa = PBXFileReference; explicitFileType = wrapper.framework; includeInIndex = 0; path = Pods_JiChat.framework; sourceTree = BUILT_PRODUCTS_DIR; };
/* End PBXFileReference section */

/* Begin PBXFrameworksBuildPhase section */
		E392340B1F4B422000525756 /* Frameworks */ = {
			isa = PBXFrameworksBuildPhase;
			buildActionMask = 2147483647;
			files = (
				9F02AE7EDD915B88D8EDC784 /* Pods_JiChat.framework in Frameworks */,
			);
			runOnlyForDeploymentPostprocessing = 0;
		};
/* End PBXFrameworksBuildPhase section */

/* Begin PBXGroup section */
		4D402FEA0E9194DF6DC1B0BE /* Frameworks */ = {
			isa = PBXGroup;
			children = (
				E8326599D56E39F736852401 /* Pods_JiChat.framework */,
			);
			name = Frameworks;
			sourceTree = "<group>";
		};
		8AFC0C2B33C86D8FDFE5D5F5 /* Pods */ = {
			isa = PBXGroup;
			children = (
				841206C664D3237EFF2A4F8D /* Pods-JiChat.debug.xcconfig */,
				7DB765B131B9496A0DA19CF8 /* Pods-JiChat.release.xcconfig */,
			);
			name = Pods;
			sourceTree = "<group>";
		};
		E3100B7D1F4E8C48001B2DA0 /* View */ = {
			isa = PBXGroup;
			children = (
				E33D53F91F4BEB5B000FAB8E /* UserCell.swift */,
				E36EF56D1F52760C00FDF9D3 /* ChatCollectionViewCell.swift */,
			);
			name = View;
			sourceTree = "<group>";
		};
		E33D53F51F4BE7B0000FAB8E /* VC */ = {
			isa = PBXGroup;
			children = (
				E39234131F4B422000525756 /* HomeViewController.swift */,
				E3FE2D4C1F4F2DBD00F53F0A /* ChatViewController.swift */,
				E33D53EE1F4BDD43000FAB8E /* ContactsViewController.swift */,
				E39234261F4B597700525756 /* LoginViewController.swift */,
				E342D8CB1F4D25FE00EE36A5 /* LoginVCFunctions.swift */,
			);
			name = VC;
			sourceTree = "<group>";
		};
		E33D53F61F4BE7C7000FAB8E /* Models */ = {
			isa = PBXGroup;
			children = (
				E39234281F4B59EF00525756 /* Extensions.swift */,
				E33D53F71F4BE7EC000FAB8E /* User.swift */,
				E392342A1F4B67D200525756 /* Gradient.swift */,
				E391A09A1F4F68FF0054255A /* Message.swift */,
			);
			name = Models;
			sourceTree = "<group>";
		};
		E39234051F4B422000525756 = {
			isa = PBXGroup;
			children = (
				E39234101F4B422000525756 /* JiChat */,
				E392340F1F4B422000525756 /* Products */,
				8AFC0C2B33C86D8FDFE5D5F5 /* Pods */,
				4D402FEA0E9194DF6DC1B0BE /* Frameworks */,
			);
			sourceTree = "<group>";
		};
		E392340F1F4B422000525756 /* Products */ = {
			isa = PBXGroup;
			children = (
				E392340E1F4B422000525756 /* JiChat.app */,
			);
			name = Products;
			sourceTree = "<group>";
		};
		E39234101F4B422000525756 /* JiChat */ = {
			isa = PBXGroup;
			children = (
				E39234111F4B422000525756 /* AppDelegate.swift */,
				E3100B7D1F4E8C48001B2DA0 /* View */,
				E33D53F61F4BE7C7000FAB8E /* Models */,
				E33D53F51F4BE7B0000FAB8E /* VC */,
				E392341B1F4B422000525756 /* Assets.xcassets */,
				E392341D1F4B422000525756 /* LaunchScreen.storyboard */,
				E39234201F4B422000525756 /* Info.plist */,
				E387461C1F4B6A670027C027 /* GoogleService-Info.plist */,
				E39234181F4B422000525756 /* JiChat.xcdatamodeld */,
			);
			path = JiChat;
			sourceTree = "<group>";
		};
/* End PBXGroup section */

/* Begin PBXNativeTarget section */
		E392340D1F4B422000525756 /* JiChat */ = {
			isa = PBXNativeTarget;
			buildConfigurationList = E39234231F4B422000525756 /* Build configuration list for PBXNativeTarget "JiChat" */;
			buildPhases = (
				281BDB417D4EFA888E3C4A13 /* [CP] Check Pods Manifest.lock */,
				E392340A1F4B422000525756 /* Sources */,
				E392340B1F4B422000525756 /* Frameworks */,
				E392340C1F4B422000525756 /* Resources */,
				BD709ADCF487EE2033E28DFA /* [CP] Embed Pods Frameworks */,
				C4AB13529A454EF3D1ED1D46 /* [CP] Copy Pods Resources */,
			);
			buildRules = (
			);
			dependencies = (
			);
			name = JiChat;
			productName = JiChat;
			productReference = E392340E1F4B422000525756 /* JiChat.app */;
			productType = "com.apple.product-type.application";
		};
/* End PBXNativeTarget section */

/* Begin PBXProject section */
		E39234061F4B422000525756 /* Project object */ = {
			isa = PBXProject;
			attributes = {
				LastSwiftUpdateCheck = 0820;
				LastUpgradeCheck = 0820;
				ORGANIZATIONNAME = "Ji Hwan Seung";
				TargetAttributes = {
					E392340D1F4B422000525756 = {
						CreatedOnToolsVersion = 8.2.1;
						DevelopmentTeam = A5GB6MS7YX;
						ProvisioningStyle = Automatic;
					};
				};
			};
			buildConfigurationList = E39234091F4B422000525756 /* Build configuration list for PBXProject "JiChat" */;
			compatibilityVersion = "Xcode 3.2";
			developmentRegion = English;
			hasScannedForEncodings = 0;
			knownRegions = (
				en,
				Base,
			);
			mainGroup = E39234051F4B422000525756;
			productRefGroup = E392340F1F4B422000525756 /* Products */;
			projectDirPath = "";
			projectRoot = "";
			targets = (
				E392340D1F4B422000525756 /* JiChat */,
			);
		};
/* End PBXProject section */

/* Begin PBXResourcesBuildPhase section */
		E392340C1F4B422000525756 /* Resources */ = {
			isa = PBXResourcesBuildPhase;
			buildActionMask = 2147483647;
			files = (
				E392341F1F4B422000525756 /* LaunchScreen.storyboard in Resources */,
				E392341C1F4B422000525756 /* Assets.xcassets in Resources */,
				E387461D1F4B6A670027C027 /* GoogleService-Info.plist in Resources */,
			);
			runOnlyForDeploymentPostprocessing = 0;
		};
/* End PBXResourcesBuildPhase section */

/* Begin PBXShellScriptBuildPhase section */
		281BDB417D4EFA888E3C4A13 /* [CP] Check Pods Manifest.lock */ = {
			isa = PBXShellScriptBuildPhase;
			buildActionMask = 2147483647;
			files = (
			);
			inputPaths = (
			);
			name = "[CP] Check Pods Manifest.lock";
			outputPaths = (
			);
			runOnlyForDeploymentPostprocessing = 0;
			shellPath = /bin/sh;
			shellScript = "diff \"${PODS_PODFILE_DIR_PATH}/Podfile.lock\" \"${PODS_ROOT}/Manifest.lock\" > /dev/null\nif [ $? != 0 ] ; then\n    # print error to STDERR\n    echo \"error: The sandbox is not in sync with the Podfile.lock. Run 'pod install' or update your CocoaPods installation.\" >&2\n    exit 1\nfi\n";
			showEnvVarsInLog = 0;
		};
		BD709ADCF487EE2033E28DFA /* [CP] Embed Pods Frameworks */ = {
			isa = PBXShellScriptBuildPhase;
			buildActionMask = 2147483647;
			files = (
			);
			inputPaths = (
			);
			name = "[CP] Embed Pods Frameworks";
			outputPaths = (
			);
			runOnlyForDeploymentPostprocessing = 0;
			shellPath = /bin/sh;
			shellScript = "\"${SRCROOT}/Pods/Target Support Files/Pods-JiChat/Pods-JiChat-frameworks.sh\"\n";
			showEnvVarsInLog = 0;
		};
		C4AB13529A454EF3D1ED1D46 /* [CP] Copy Pods Resources */ = {
			isa = PBXShellScriptBuildPhase;
			buildActionMask = 2147483647;
			files = (
			);
			inputPaths = (
			);
			name = "[CP] Copy Pods Resources";
			outputPaths = (
			);
			runOnlyForDeploymentPostprocessing = 0;
			shellPath = /bin/sh;
			shellScript = "\"${SRCROOT}/Pods/Target Support Files/Pods-JiChat/Pods-JiChat-resources.sh\"\n";
			showEnvVarsInLog = 0;
		};
/* End PBXShellScriptBuildPhase section */

/* Begin PBXSourcesBuildPhase section */
		E392340A1F4B422000525756 /* Sources */ = {
			isa = PBXSourcesBuildPhase;
			buildActionMask = 2147483647;
			files = (
				E39234291F4B59EF00525756 /* Extensions.swift in Sources */,
				E39234271F4B597700525756 /* LoginViewController.swift in Sources */,
				E36EF56E1F52760C00FDF9D3 /* ChatCollectionViewCell.swift in Sources */,
				E3FE2D4D1F4F2DBD00F53F0A /* ChatViewController.swift in Sources */,
				E39234141F4B422000525756 /* HomeViewController.swift in Sources */,
				E392341A1F4B422000525756 /* JiChat.xcdatamodeld in Sources */,
				E33D53F81F4BE7EC000FAB8E /* User.swift in Sources */,
				E33D53FA1F4BEB5B000FAB8E /* UserCell.swift in Sources */,
				E39234121F4B422000525756 /* AppDelegate.swift in Sources */,
				E392342B1F4B67D200525756 /* Gradient.swift in Sources */,
				E391A09B1F4F68FF0054255A /* Message.swift in Sources */,
				E342D8CC1F4D25FE00EE36A5 /* LoginVCFunctions.swift in Sources */,
				E33D53EF1F4BDD43000FAB8E /* ContactsViewController.swift in Sources */,
			);
			runOnlyForDeploymentPostprocessing = 0;
		};
/* End PBXSourcesBuildPhase section */

/* Begin PBXVariantGroup section */
		E392341D1F4B422000525756 /* LaunchScreen.storyboard */ = {
			isa = PBXVariantGroup;
			children = (
				E392341E1F4B422000525756 /* Base */,
			);
			name = LaunchScreen.storyboard;
			sourceTree = "<group>";
		};
/* End PBXVariantGroup section */

/* Begin XCBuildConfiguration section */
		E39234211F4B422000525756 /* Debug */ = {
			isa = XCBuildConfiguration;
			buildSettings = {
				ALWAYS_SEARCH_USER_PATHS = NO;
				CLANG_ANALYZER_NONNULL = YES;
				CLANG_CXX_LANGUAGE_STANDARD = "gnu++0x";
				CLANG_CXX_LIBRARY = "libc++";
				CLANG_ENABLE_MODULES = YES;
				CLANG_ENABLE_OBJC_ARC = YES;
				CLANG_WARN_BOOL_CONVERSION = YES;
				CLANG_WARN_CONSTANT_CONVERSION = YES;
				CLANG_WARN_DIRECT_OBJC_ISA_USAGE = YES_ERROR;
				CLANG_WARN_DOCUMENTATION_COMMENTS = YES;
				CLANG_WARN_EMPTY_BODY = YES;
				CLANG_WARN_ENUM_CONVERSION = YES;
				CLANG_WARN_INFINITE_RECURSION = YES;
				CLANG_WARN_INT_CONVERSION = YES;
				CLANG_WARN_OBJC_ROOT_CLASS = YES_ERROR;
				CLANG_WARN_SUSPICIOUS_MOVE = YES;
				CLANG_WARN_UNREACHABLE_CODE = YES;
				CLANG_WARN__DUPLICATE_METHOD_MATCH = YES;
				"CODE_SIGN_IDENTITY[sdk=iphoneos*]" = "iPhone Developer";
				COPY_PHASE_STRIP = NO;
				DEBUG_INFORMATION_FORMAT = dwarf;
				ENABLE_STRICT_OBJC_MSGSEND = YES;
				ENABLE_TESTABILITY = YES;
				GCC_C_LANGUAGE_STANDARD = gnu99;
				GCC_DYNAMIC_NO_PIC = NO;
				GCC_NO_COMMON_BLOCKS = YES;
				GCC_OPTIMIZATION_LEVEL = 0;
				GCC_PREPROCESSOR_DEFINITIONS = (
					"DEBUG=1",
					"$(inherited)",
				);
				GCC_WARN_64_TO_32_BIT_CONVERSION = YES;
				GCC_WARN_ABOUT_RETURN_TYPE = YES_ERROR;
				GCC_WARN_UNDECLARED_SELECTOR = YES;
				GCC_WARN_UNINITIALIZED_AUTOS = YES_AGGRESSIVE;
				GCC_WARN_UNUSED_FUNCTION = YES;
				GCC_WARN_UNUSED_VARIABLE = YES;
				IPHONEOS_DEPLOYMENT_TARGET = 10.2;
				MTL_ENABLE_DEBUG_INFO = YES;
				ONLY_ACTIVE_ARCH = YES;
				SDKROOT = iphoneos;
				SWIFT_ACTIVE_COMPILATION_CONDITIONS = DEBUG;
				SWIFT_OPTIMIZATION_LEVEL = "-Onone";
				TARGETED_DEVICE_FAMILY = "1,2";
			};
			name = Debug;
		};
		E39234221F4B422000525756 /* Release */ = {
			isa = XCBuildConfiguration;
			buildSettings = {
				ALWAYS_SEARCH_USER_PATHS = NO;
				CLANG_ANALYZER_NONNULL = YES;
				CLANG_CXX_LANGUAGE_STANDARD = "gnu++0x";
				CLANG_CXX_LIBRARY = "libc++";
				CLANG_ENABLE_MODULES = YES;
				CLANG_ENABLE_OBJC_ARC = YES;
				CLANG_WARN_BOOL_CONVERSION = YES;
				CLANG_WARN_CONSTANT_CONVERSION = YES;
				CLANG_WARN_DIRECT_OBJC_ISA_USAGE = YES_ERROR;
				CLANG_WARN_DOCUMENTATION_COMMENTS = YES;
				CLANG_WARN_EMPTY_BODY = YES;
				CLANG_WARN_ENUM_CONVERSION = YES;
				CLANG_WARN_INFINITE_RECURSION = YES;
				CLANG_WARN_INT_CONVERSION = YES;
				CLANG_WARN_OBJC_ROOT_CLASS = YES_ERROR;
				CLANG_WARN_SUSPICIOUS_MOVE = YES;
				CLANG_WARN_UNREACHABLE_CODE = YES;
				CLANG_WARN__DUPLICATE_METHOD_MATCH = YES;
				"CODE_SIGN_IDENTITY[sdk=iphoneos*]" = "iPhone Developer";
				COPY_PHASE_STRIP = NO;
				DEBUG_INFORMATION_FORMAT = "dwarf-with-dsym";
				ENABLE_NS_ASSERTIONS = NO;
				ENABLE_STRICT_OBJC_MSGSEND = YES;
				GCC_C_LANGUAGE_STANDARD = gnu99;
				GCC_NO_COMMON_BLOCKS = YES;
				GCC_WARN_64_TO_32_BIT_CONVERSION = YES;
				GCC_WARN_ABOUT_RETURN_TYPE = YES_ERROR;
				GCC_WARN_UNDECLARED_SELECTOR = YES;
				GCC_WARN_UNINITIALIZED_AUTOS = YES_AGGRESSIVE;
				GCC_WARN_UNUSED_FUNCTION = YES;
				GCC_WARN_UNUSED_VARIABLE = YES;
				IPHONEOS_DEPLOYMENT_TARGET = 10.2;
				MTL_ENABLE_DEBUG_INFO = NO;
				SDKROOT = iphoneos;
				SWIFT_OPTIMIZATION_LEVEL = "-Owholemodule";
				TARGETED_DEVICE_FAMILY = "1,2";
				VALIDATE_PRODUCT = YES;
			};
			name = Release;
		};
		E39234241F4B422000525756 /* Debug */ = {
			isa = XCBuildConfiguration;
			baseConfigurationReference = 841206C664D3237EFF2A4F8D /* Pods-JiChat.debug.xcconfig */;
			buildSettings = {
				ASSETCATALOG_COMPILER_APPICON_NAME = AppIcon;
				DEVELOPMENT_TEAM = A5GB6MS7YX;
				INFOPLIST_FILE = JiChat/Info.plist;
				LD_RUNPATH_SEARCH_PATHS = "$(inherited) @executable_path/Frameworks";
				PRODUCT_BUNDLE_IDENTIFIER = seung.JiChat;
				PRODUCT_NAME = "$(TARGET_NAME)";
				SWIFT_VERSION = 3.0;
			};
			name = Debug;
		};
		E39234251F4B422000525756 /* Release */ = {
			isa = XCBuildConfiguration;
			baseConfigurationReference = 7DB765B131B9496A0DA19CF8 /* Pods-JiChat.release.xcconfig */;
			buildSettings = {
				ASSETCATALOG_COMPILER_APPICON_NAME = AppIcon;
				DEVELOPMENT_TEAM = A5GB6MS7YX;
				INFOPLIST_FILE = JiChat/Info.plist;
				LD_RUNPATH_SEARCH_PATHS = "$(inherited) @executable_path/Frameworks";
				PRODUCT_BUNDLE_IDENTIFIER = seung.JiChat;
				PRODUCT_NAME = "$(TARGET_NAME)";
				SWIFT_VERSION = 3.0;
			};
			name = Release;
		};
/* End XCBuildConfiguration section */

/* Begin XCConfigurationList section */
		E39234091F4B422000525756 /* Build configuration list for PBXProject "JiChat" */ = {
			isa = XCConfigurationList;
			buildConfigurations = (
				E39234211F4B422000525756 /* Debug */,
				E39234221F4B422000525756 /* Release */,
			);
			defaultConfigurationIsVisible = 0;
			defaultConfigurationName = Release;
		};
		E39234231F4B422000525756 /* Build configuration list for PBXNativeTarget "JiChat" */ = {
			isa = XCConfigurationList;
			buildConfigurations = (
				E39234241F4B422000525756 /* Debug */,
				E39234251F4B422000525756 /* Release */,
			);
			defaultConfigurationIsVisible = 0;
			defaultConfigurationName = Release;
		};
/* End XCConfigurationList section */

/* Begin XCVersionGroup section */
		E39234181F4B422000525756 /* JiChat.xcdatamodeld */ = {
			isa = XCVersionGroup;
			children = (
				E39234191F4B422000525756 /* JiChat.xcdatamodel */,
			);
			currentVersion = E39234191F4B422000525756 /* JiChat.xcdatamodel */;
			path = JiChat.xcdatamodeld;
			sourceTree = "<group>";
			versionGroupType = wrapper.xcdatamodel;
		};
/* End XCVersionGroup section */
	};
	rootObject = E39234061F4B422000525756 /* Project object */;
}
